
Microsoft Visual Studio Solution File, Format Version 12.00
# Visual Studio Version 16
VisualStudioVersion = 16.0.29324.140
MinimumVisualStudioVersion = 10.0.40219.1
Project("{00D1A9C2-B5F0-4AF3-8072-F6C62B433612}") = "Laptopia_Database", "Laptopia_Database\Laptopia_Database.sqlproj", "{16251C63-CBD7-4AE9-B583-2DC557F53436}"
EndProject
Global
	GlobalSection(SolutionConfigurationPlatforms) = preSolution
		Debug|Any CPU = Debug|Any CPU
		Release|Any CPU = Release|Any CPU
	EndGlobalSection
	GlobalSection(ProjectConfigurationPlatforms) = postSolution
		{16251C63-CBD7-4AE9-B583-2DC557F53436}.Debug|Any CPU.ActiveCfg = Debug|Any CPU
		{16251C63-CBD7-4AE9-B583-2DC557F53436}.Debug|Any CPU.Build.0 = Debug|Any CPU
		{16251C63-CBD7-4AE9-B583-2DC557F53436}.Debug|Any CPU.Deploy.0 = Debug|Any CPU
		{16251C63-CBD7-4AE9-B583-2DC557F53436}.Release|Any CPU.ActiveCfg = Release|Any CPU
		{16251C63-CBD7-4AE9-B583-2DC557F53436}.Release|Any CPU.Build.0 = Release|Any CPU
		{16251C63-CBD7-4AE9-B583-2DC557F53436}.Release|Any CPU.Deploy.0 = Release|Any CPU
	EndGlobalSection
	GlobalSection(SolutionProperties) = preSolution
		HideSolutionNode = FALSE
	EndGlobalSection
	GlobalSection(ExtensibilityGlobals) = postSolution
		SolutionGuid = {8373A829-1EC2-4C61-8B58-88D7B66C4CFF}
	EndGlobalSection
EndGlobal
